
Microsoft Visual Studio Solution File, Format Version 12.00
# Visual Studio Version 17
VisualStudioVersion = 17.11.35208.52
MinimumVisualStudioVersion = 10.0.40219.1
Project("{FAE04EC0-301F-11D3-BF4B-00C04F79EFBC}") = "успадкування", "успадкування\успадкування.csproj", "{F63419C0-3935-4672-BB85-B0A618D68414}"
EndProject
Global
	GlobalSection(SolutionConfigurationPlatforms) = preSolution
		Debug|Any CPU = Debug|Any CPU
		Release|Any CPU = Release|Any CPU
	EndGlobalSection
	GlobalSection(ProjectConfigurationPlatforms) = postSolution
		{F63419C0-3935-4672-BB85-B0A618D68414}.Debug|Any CPU.ActiveCfg = Debug|Any CPU
		{F63419C0-3935-4672-BB85-B0A618D68414}.Debug|Any CPU.Build.0 = Debug|Any CPU
		{F63419C0-3935-4672-BB85-B0A618D68414}.Release|Any CPU.ActiveCfg = Release|Any CPU
		{F63419C0-3935-4672-BB85-B0A618D68414}.Release|Any CPU.Build.0 = Release|Any CPU
	EndGlobalSection
	GlobalSection(SolutionProperties) = preSolution
		HideSolutionNode = FALSE
	EndGlobalSection
	GlobalSection(ExtensibilityGlobals) = postSolution
		SolutionGuid = {2D3F6A3A-304F-4D0F-B98C-80D0A5D4D258}
	EndGlobalSection
EndGlobal
